github.com/wowchemy/wowchemy-hugo-modules/wowchemy v0.0.0-20201129124759-cdcfa2da28e2 h1:gGFh4JB+4FzJEcj9rfQ6pkL+Ql4kQ+DxGcnKJYHKdrM=
github.com/wowchemy/wowchemy-hugo-modules/wowchemy v0.0.0-20201129124759-cdcfa2da28e2/go.mod h1:H22qfH9qj3FWwsk7+bAZpmT24yRGNQURah2/IRwjbn8=
github.com/wowchemy/wowchemy-hugo-modules/wowchemy v0.0.0-20201205224343-d70da8919962 h1:b4u7+a+hwKc59N8h3XEIKIZ7xorf1mIboZwxYsfBvKI=
github.com/wowchemy/wowchemy-hugo-modules/wowchemy v0.0.0-20201205224343-d70da8919962/go.mod h1:H22qfH9qj3FWwsk7+bAZpmT24yRGNQURah2/IRwjbn8=
github.com/wowchemy/wowchemy-hugo-modules/wowchemy v0.0.0-20201228231801-219b05cbd2c4 h1:EIk8PqNiLg1YcddZWwh2Khgvfkxh5KSX5hNsI7UBJVM=
github.com/wowchemy/wowchemy-hugo-modules/wowchemy v0.0.0-20201228231801-219b05cbd2c4/go.mod h1:H22qfH9qj3FWwsk7+bAZpmT24yRGNQURah2/IRwjbn8=
github.com/wowchemy/wowchemy-hugo-modules/wowchemy v0.0.0-20210102005808-f40841ce36e6 h1:qts9SSnysONB+7UOdo/Nv8mhO+7GoLuxh6mN4d8iHOU=
github.com/wowchemy/wowchemy-hugo-modules/wowchemy v0.0.0-20210102005808-f40841ce36e6/go.mod h1:H22qfH9qj3FWwsk7+bAZpmT24yRGNQURah2/IRwjbn8=
github.com/wowchemy/wowchemy-hugo-modules/wowchemy v0.0.0-20210123180413-7dbc1f73edfd h1:dMMvFBC6oOVTVt28kM8VlnNcKUGnMwtdGbLd0MdPywY=
github.com/wowchemy/wowchemy-hugo-modules/wowchemy v0.0.0-20210123180413-7dbc1f73edfd/go.mod h1:H22qfH9qj3FWwsk7+bAZpmT24yRGNQURah2/IRwjbn8=
github.com/wowchemy/wowchemy-hugo-modules/wowchemy v0.0.0-20210219133516-05c772f38946 h1:PPkYFJCSyAMp9J5z9e5k/3CRHrCaWcQdw/hsM2SYqN4=
github.com/wowchemy/wowchemy-hugo-modules/wowchemy v0.0.0-20210219133516-05c772f38946/go.mod h1:H22qfH9qj3FWwsk7+bAZpmT24yRGNQURah2/IRwjbn8=
github.com/wowchemy/wowchemy-hugo-modules/wowchemy v0.0.0-20210324194200-fda9f39d872e h1:pjf3ttOUrGyqXqFE5HD4zROl5nVD7X06ejz5TwLuwtk=
github.com/wowchemy/wowchemy-hugo-modules/wowchemy v0.0.0-20210324194200-fda9f39d872e/go.mod h1:H22qfH9qj3FWwsk7+bAZpmT24yRGNQURah2/IRwjbn8=
github.com/wowchemy/wowchemy-hugo-modules/wowchemy-cms v0.0.0-20210324194200-fda9f39d872e h1:rhRiyEZRDSdtwpEzMmZdycHudtYrEyoHKfc8mxOpHwE=
github.com/wowchemy/wowchemy-hugo-modules/wowchemy-cms v0.0.0-20210324194200-fda9f39d872e/go.mod h1:AKpYbqUVlj0VYsc7Jsxe1o8Ko2yV31A5ZPdfpACcXJw=
